
Microsoft Visual Studio Solution File, Format Version 12.00
Project("{FAE04EC0-301F-11D3-BF4B-00C04F79EFBC}") = "KeepScore", "KeepScore\KeepScore.csproj", "{554B174A-F887-4824-BBCA-E93A41C6C011}"
EndProject
Global
	GlobalSection(SolutionConfigurationPlatforms) = preSolution
		Debug|Any CPU = Debug|Any CPU
		Release|Any CPU = Release|Any CPU
	EndGlobalSection
	GlobalSection(ProjectConfigurationPlatforms) = postSolution
		{554B174A-F887-4824-BBCA-E93A41C6C011}.Debug|Any CPU.ActiveCfg = Debug|Any CPU
		{554B174A-F887-4824-BBCA-E93A41C6C011}.Debug|Any CPU.Build.0 = Debug|Any CPU
		{554B174A-F887-4824-BBCA-E93A41C6C011}.Release|Any CPU.ActiveCfg = Release|Any CPU
		{554B174A-F887-4824-BBCA-E93A41C6C011}.Release|Any CPU.Build.0 = Release|Any CPU
	EndGlobalSection
EndGlobal
